
Microsoft Visual Studio Solution File, Format Version 12.00
# Visual Studio 2013
VisualStudioVersion = 12.0.31101.0
MinimumVisualStudioVersion = 10.0.40219.1
Project("{FAE04EC0-301F-11D3-BF4B-00C04F79EFBC}") = "Storytime", "Storytime.csproj", "{031BFE05-A251-43B2-9538-9BDADBC7FF9D}"
EndProject
Project("{FAE04EC0-301F-11D3-BF4B-00C04F79EFBC}") = "Entities", "..\Users\gpart_000\Documents\Visual Studio 2013\Projects\MvcApplication1\Entities\Entities.csproj", "{84CF1B8A-C119-44B7-9D61-407F2285DA1B}"
EndProject
Global
	GlobalSection(SolutionConfigurationPlatforms) = preSolution
		Debug|Any CPU = Debug|Any CPU
		Release|Any CPU = Release|Any CPU
	EndGlobalSection
	GlobalSection(ProjectConfigurationPlatforms) = postSolution
		{031BFE05-A251-43B2-9538-9BDADBC7FF9D}.Debug|Any CPU.ActiveCfg = Debug|Any CPU
		{031BFE05-A251-43B2-9538-9BDADBC7FF9D}.Debug|Any CPU.Build.0 = Debug|Any CPU
		{031BFE05-A251-43B2-9538-9BDADBC7FF9D}.Release|Any CPU.ActiveCfg = Release|Any CPU
		{031BFE05-A251-43B2-9538-9BDADBC7FF9D}.Release|Any CPU.Build.0 = Release|Any CPU
		{84CF1B8A-C119-44B7-9D61-407F2285DA1B}.Debug|Any CPU.ActiveCfg = Debug|Any CPU
		{84CF1B8A-C119-44B7-9D61-407F2285DA1B}.Debug|Any CPU.Build.0 = Debug|Any CPU
		{84CF1B8A-C119-44B7-9D61-407F2285DA1B}.Release|Any CPU.ActiveCfg = Release|Any CPU
		{84CF1B8A-C119-44B7-9D61-407F2285DA1B}.Release|Any CPU.Build.0 = Release|Any CPU
	EndGlobalSection
	GlobalSection(SolutionProperties) = preSolution
		HideSolutionNode = FALSE
	EndGlobalSection
EndGlobal
